// !$*UTF8*$!
{
	archiveVersion = 1;
	classes = {
	};
	objectVersion = 50;
	objects = {

/* Begin PBXBuildFile section */
		7CC640F12615F9A800F25391 /* AppDelegate.swift in Sources */ = {isa = PBXBuildFile; fileRef = 7CC640F02615F9A800F25391 /* AppDelegate.swift */; };
		7CC640F32615F9A800F25391 /* SceneDelegate.swift in Sources */ = {isa = PBXBuildFile; fileRef = 7CC640F22615F9A800F25391 /* SceneDelegate.swift */; };
		7CC640F52615F9A800F25391 /* ConversationsViewController.swift in Sources */ = {isa = PBXBuildFile; fileRef = 7CC640F42615F9A800F25391 /* ConversationsViewController.swift */; };
		7CC640F82615F9A800F25391 /* Main.storyboard in Resources */ = {isa = PBXBuildFile; fileRef = 7CC640F62615F9A800F25391 /* Main.storyboard */; };
		7CC640FA2615F9AB00F25391 /* Assets.xcassets in Resources */ = {isa = PBXBuildFile; fileRef = 7CC640F92615F9AB00F25391 /* Assets.xcassets */; };
		7CC640FD2615F9AB00F25391 /* LaunchScreen.storyboard in Resources */ = {isa = PBXBuildFile; fileRef = 7CC640FB2615F9AB00F25391 /* LaunchScreen.storyboard */; };
		7CC641132615FB5A00F25391 /* LoginViewController.swift in Sources */ = {isa = PBXBuildFile; fileRef = 7CC641122615FB5A00F25391 /* LoginViewController.swift */; };
		7CC641172615FB6800F25391 /* RegisterViewController.swift in Sources */ = {isa = PBXBuildFile; fileRef = 7CC641162615FB6800F25391 /* RegisterViewController.swift */; };
		7CC6411A2615FB8700F25391 /* PhotoViewerViewController.swift in Sources */ = {isa = PBXBuildFile; fileRef = 7CC641192615FB8700F25391 /* PhotoViewerViewController.swift */; };
		7CC6411D2615FB9300F25391 /* ViewPlayerViewController.swift in Sources */ = {isa = PBXBuildFile; fileRef = 7CC6411C2615FB9300F25391 /* ViewPlayerViewController.swift */; };
		7CC641202615FBB000F25391 /* NewConversationViewController.swift in Sources */ = {isa = PBXBuildFile; fileRef = 7CC6411F2615FBB000F25391 /* NewConversationViewController.swift */; };
		7CC641232615FBC300F25391 /* ProfileViewController.swift in Sources */ = {isa = PBXBuildFile; fileRef = 7CC641222615FBC300F25391 /* ProfileViewController.swift */; };
/* End PBXBuildFile section */

/* Begin PBXFileReference section */
		7CC640ED2615F9A800F25391 /* Messenger.app */ = {isa = PBXFileReference; explicitFileType = wrapper.application; includeInIndex = 0; path = Messenger.app; sourceTree = BUILT_PRODUCTS_DIR; };
		7CC640F02615F9A800F25391 /* AppDelegate.swift */ = {isa = PBXFileReference; lastKnownFileType = sourcecode.swift; path = AppDelegate.swift; sourceTree = "<group>"; };
		7CC640F22615F9A800F25391 /* SceneDelegate.swift */ = {isa = PBXFileReference; lastKnownFileType = sourcecode.swift; path = SceneDelegate.swift; sourceTree = "<group>"; };
		7CC640F42615F9A800F25391 /* ConversationsViewController.swift */ = {isa = PBXFileReference; lastKnownFileType = sourcecode.swift; path = ConversationsViewController.swift; sourceTree = "<group>"; };
		7CC640F72615F9A800F25391 /* Base */ = {isa = PBXFileReference; lastKnownFileType = file.storyboard; name = Base; path = Base.lproj/Main.storyboard; sourceTree = "<group>"; };
		7CC640F92615F9AB00F25391 /* Assets.xcassets */ = {isa = PBXFileReference; lastKnownFileType = folder.assetcatalog; path = Assets.xcassets; sourceTree = "<group>"; };
		7CC640FC2615F9AB00F25391 /* Base */ = {isa = PBXFileReference; lastKnownFileType = file.storyboard; name = Base; path = Base.lproj/LaunchScreen.storyboard; sourceTree = "<group>"; };
		7CC640FE2615F9AB00F25391 /* Info.plist */ = {isa = PBXFileReference; lastKnownFileType = text.plist.xml; path = Info.plist; sourceTree = "<group>"; };
		7CC641122615FB5A00F25391 /* LoginViewController.swift */ = {isa = PBXFileReference; lastKnownFileType = sourcecode.swift; path = LoginViewController.swift; sourceTree = "<group>"; };
		7CC641162615FB6800F25391 /* RegisterViewController.swift */ = {isa = PBXFileReference; lastKnownFileType = sourcecode.swift; path = RegisterViewController.swift; sourceTree = "<group>"; };
		7CC641192615FB8700F25391 /* PhotoViewerViewController.swift */ = {isa = PBXFileReference; lastKnownFileType = sourcecode.swift; path = PhotoViewerViewController.swift; sourceTree = "<group>"; };
		7CC6411C2615FB9300F25391 /* ViewPlayerViewController.swift */ = {isa = PBXFileReference; lastKnownFileType = sourcecode.swift; path = ViewPlayerViewController.swift; sourceTree = "<group>"; };
		7CC6411F2615FBB000F25391 /* NewConversationViewController.swift */ = {isa = PBXFileReference; lastKnownFileType = sourcecode.swift; path = NewConversationViewController.swift; sourceTree = "<group>"; };
		7CC641222615FBC300F25391 /* ProfileViewController.swift */ = {isa = PBXFileReference; lastKnownFileType = sourcecode.swift; path = ProfileViewController.swift; sourceTree = "<group>"; };
/* End PBXFileReference section */

/* Begin PBXFrameworksBuildPhase section */
		7CC640EA2615F9A800F25391 /* Frameworks */ = {
			isa = PBXFrameworksBuildPhase;
			buildActionMask = 2147483647;
			files = (
			);
			runOnlyForDeploymentPostprocessing = 0;
		};
/* End PBXFrameworksBuildPhase section */

/* Begin PBXGroup section */
		7CC640E42615F9A800F25391 = {
			isa = PBXGroup;
			children = (
				7CC640EF2615F9A800F25391 /* Messenger */,
				7CC640EE2615F9A800F25391 /* Products */,
			);
			sourceTree = "<group>";
		};
		7CC640EE2615F9A800F25391 /* Products */ = {
			isa = PBXGroup;
			children = (
				7CC640ED2615F9A800F25391 /* Messenger.app */,
			);
			name = Products;
			sourceTree = "<group>";
		};
		7CC640EF2615F9A800F25391 /* Messenger */ = {
			isa = PBXGroup;
			children = (
				7CC6410A2615FA7700F25391 /* Resources */,
				7CC641082615FA6C00F25391 /* ViewModels */,
				7CC641072615FA6500F25391 /* Models */,
				7CC641062615FA6000F25391 /* Views */,
				7CC641052615FA5800F25391 /* Controllers */,
				7CC640FE2615F9AB00F25391 /* Info.plist */,
			);
			path = Messenger;
			sourceTree = "<group>";
		};
		7CC641052615FA5800F25391 /* Controllers */ = {
			isa = PBXGroup;
			children = (
				7CC640F42615F9A800F25391 /* ConversationsViewController.swift */,
				7CC641122615FB5A00F25391 /* LoginViewController.swift */,
				7CC641162615FB6800F25391 /* RegisterViewController.swift */,
				7CC641192615FB8700F25391 /* PhotoViewerViewController.swift */,
				7CC6411C2615FB9300F25391 /* ViewPlayerViewController.swift */,
				7CC6411F2615FBB000F25391 /* NewConversationViewController.swift */,
				7CC641222615FBC300F25391 /* ProfileViewController.swift */,
			);
			path = Controllers;
			sourceTree = "<group>";
		};
		7CC641062615FA6000F25391 /* Views */ = {
			isa = PBXGroup;
			children = (
				7CC6410E2615FA9400F25391 /* Storyboards */,
				7CC640F92615F9AB00F25391 /* Assets.xcassets */,
			);
			path = Views;
			sourceTree = "<group>";
		};
		7CC641072615FA6500F25391 /* Models */ = {
			isa = PBXGroup;
			children = (
			);
			path = Models;
			sourceTree = "<group>";
		};
		7CC641082615FA6C00F25391 /* ViewModels */ = {
			isa = PBXGroup;
			children = (
			);
			path = ViewModels;
			sourceTree = "<group>";
		};
		7CC6410A2615FA7700F25391 /* Resources */ = {
			isa = PBXGroup;
			children = (
				7CC640F02615F9A800F25391 /* AppDelegate.swift */,
				7CC640F22615F9A800F25391 /* SceneDelegate.swift */,
			);
			path = Resources;
			sourceTree = "<group>";
		};
		7CC6410E2615FA9400F25391 /* Storyboards */ = {
			isa = PBXGroup;
			children = (
				7CC640F62615F9A800F25391 /* Main.storyboard */,
				7CC640FB2615F9AB00F25391 /* LaunchScreen.storyboard */,
			);
			path = Storyboards;
			sourceTree = "<group>";
		};
/* End PBXGroup section */

/* Begin PBXNativeTarget section */
		7CC640EC2615F9A800F25391 /* Messenger */ = {
			isa = PBXNativeTarget;
			buildConfigurationList = 7CC641012615F9AB00F25391 /* Build configuration list for PBXNativeTarget "Messenger" */;
			buildPhases = (
				7CC640E92615F9A800F25391 /* Sources */,
				7CC640EA2615F9A800F25391 /* Frameworks */,
				7CC640EB2615F9A800F25391 /* Resources */,
			);
			buildRules = (
			);
			dependencies = (
			);
			name = Messenger;
			productName = Messenger;
			productReference = 7CC640ED2615F9A800F25391 /* Messenger.app */;
			productType = "com.apple.product-type.application";
		};
/* End PBXNativeTarget section */

/* Begin PBXProject section */
		7CC640E52615F9A800F25391 /* Project object */ = {
			isa = PBXProject;
			attributes = {
				LastSwiftUpdateCheck = 1240;
				LastUpgradeCheck = 1240;
				TargetAttributes = {
					7CC640EC2615F9A800F25391 = {
						CreatedOnToolsVersion = 12.4;
					};
				};
			};
			buildConfigurationList = 7CC640E82615F9A800F25391 /* Build configuration list for PBXProject "Messenger" */;
			compatibilityVersion = "Xcode 9.3";
			developmentRegion = en;
			hasScannedForEncodings = 0;
			knownRegions = (
				en,
				Base,
			);
			mainGroup = 7CC640E42615F9A800F25391;
			productRefGroup = 7CC640EE2615F9A800F25391 /* Products */;
			projectDirPath = "";
			projectRoot = "";
			targets = (
				7CC640EC2615F9A800F25391 /* Messenger */,
			);
		};
/* End PBXProject section */

/* Begin PBXResourcesBuildPhase section */
		7CC640EB2615F9A800F25391 /* Resources */ = {
			isa = PBXResourcesBuildPhase;
			buildActionMask = 2147483647;
			files = (
				7CC640FD2615F9AB00F25391 /* LaunchScreen.storyboard in Resources */,
				7CC640FA2615F9AB00F25391 /* Assets.xcassets in Resources */,
				7CC640F82615F9A800F25391 /* Main.storyboard in Resources */,
			);
			runOnlyForDeploymentPostprocessing = 0;
		};
/* End PBXResourcesBuildPhase section */

/* Begin PBXSourcesBuildPhase section */
		7CC640E92615F9A800F25391 /* Sources */ = {
			isa = PBXSourcesBuildPhase;
			buildActionMask = 2147483647;
			files = (
				7CC641132615FB5A00F25391 /* LoginViewController.swift in Sources */,
				7CC6411D2615FB9300F25391 /* ViewPlayerViewController.swift in Sources */,
				7CC641202615FBB000F25391 /* NewConversationViewController.swift in Sources */,
				7CC641172615FB6800F25391 /* RegisterViewController.swift in Sources */,
				7CC640F52615F9A800F25391 /* ConversationsViewController.swift in Sources */,
				7CC640F12615F9A800F25391 /* AppDelegate.swift in Sources */,
				7CC641232615FBC300F25391 /* ProfileViewController.swift in Sources */,
				7CC640F32615F9A800F25391 /* SceneDelegate.swift in Sources */,
				7CC6411A2615FB8700F25391 /* PhotoViewerViewController.swift in Sources */,
			);
			runOnlyForDeploymentPostprocessing = 0;
		};
/* End PBXSourcesBuildPhase section */

/* Begin PBXVariantGroup section */
		7CC640F62615F9A800F25391 /* Main.storyboard */ = {
			isa = PBXVariantGroup;
			children = (
				7CC640F72615F9A800F25391 /* Base */,
			);
			name = Main.storyboard;
			sourceTree = "<group>";
		};
		7CC640FB2615F9AB00F25391 /* LaunchScreen.storyboard */ = {
			isa = PBXVariantGroup;
			children = (
				7CC640FC2615F9AB00F25391 /* Base */,
			);
			name = LaunchScreen.storyboard;
			sourceTree = "<group>";
		};
/* End PBXVariantGroup section */

/* Begin XCBuildConfiguration section */
		7CC640FF2615F9AB00F25391 /* Debug */ = {
			isa = XCBuildConfiguration;
			buildSettings = {
				ALWAYS_SEARCH_USER_PATHS = NO;
				CLANG_ANALYZER_NONNULL = YES;
				CLANG_ANALYZER_NUMBER_OBJECT_CONVERSION = YES_AGGRESSIVE;
				CLANG_CXX_LANGUAGE_STANDARD = "gnu++14";
				CLANG_CXX_LIBRARY = "libc++";
				CLANG_ENABLE_MODULES = YES;
				CLANG_ENABLE_OBJC_ARC = YES;
				CLANG_ENABLE_OBJC_WEAK = YES;
				CLANG_WARN_BLOCK_CAPTURE_AUTORELEASING = YES;
				CLANG_WARN_BOOL_CONVERSION = YES;
				CLANG_WARN_COMMA = YES;
				CLANG_WARN_CONSTANT_CONVERSION = YES;
				CLANG_WARN_DEPRECATED_OBJC_IMPLEMENTATIONS = YES;
				CLANG_WARN_DIRECT_OBJC_ISA_USAGE = YES_ERROR;
				CLANG_WARN_DOCUMENTATION_COMMENTS = YES;
				CLANG_WARN_EMPTY_BODY = YES;
				CLANG_WARN_ENUM_CONVERSION = YES;
				CLANG_WARN_INFINITE_RECURSION = YES;
				CLANG_WARN_INT_CONVERSION = YES;
				CLANG_WARN_NON_LITERAL_NULL_CONVERSION = YES;
				CLANG_WARN_OBJC_IMPLICIT_RETAIN_SELF = YES;
				CLANG_WARN_OBJC_LITERAL_CONVERSION = YES;
				CLANG_WARN_OBJC_ROOT_CLASS = YES_ERROR;
				CLANG_WARN_QUOTED_INCLUDE_IN_FRAMEWORK_HEADER = YES;
				CLANG_WARN_RANGE_LOOP_ANALYSIS = YES;
				CLANG_WARN_STRICT_PROTOTYPES = YES;
				CLANG_WARN_SUSPICIOUS_MOVE = YES;
				CLANG_WARN_UNGUARDED_AVAILABILITY = YES_AGGRESSIVE;
				CLANG_WARN_UNREACHABLE_CODE = YES;
				CLANG_WARN__DUPLICATE_METHOD_MATCH = YES;
				COPY_PHASE_STRIP = NO;
				DEBUG_INFORMATION_FORMAT = dwarf;
				ENABLE_STRICT_OBJC_MSGSEND = YES;
				ENABLE_TESTABILITY = YES;
				GCC_C_LANGUAGE_STANDARD = gnu11;
				GCC_DYNAMIC_NO_PIC = NO;
				GCC_NO_COMMON_BLOCKS = YES;
				GCC_OPTIMIZATION_LEVEL = 0;
				GCC_PREPROCESSOR_DEFINITIONS = (
					"DEBUG=1",
					"$(inherited)",
				);
				GCC_WARN_64_TO_32_BIT_CONVERSION = YES;
				GCC_WARN_ABOUT_RETURN_TYPE = YES_ERROR;
				GCC_WARN_UNDECLARED_SELECTOR = YES;
				GCC_WARN_UNINITIALIZED_AUTOS = YES_AGGRESSIVE;
				GCC_WARN_UNUSED_FUNCTION = YES;
				GCC_WARN_UNUSED_VARIABLE = YES;
				IPHONEOS_DEPLOYMENT_TARGET = 14.4;
				MTL_ENABLE_DEBUG_INFO = INCLUDE_SOURCE;
				MTL_FAST_MATH = YES;
				ONLY_ACTIVE_ARCH = YES;
				SDKROOT = iphoneos;
				SWIFT_ACTIVE_COMPILATION_CONDITIONS = DEBUG;
				SWIFT_OPTIMIZATION_LEVEL = "-Onone";
			};
			name = Debug;
		};
		7CC641002615F9AB00F25391 /* Release */ = {
			isa = XCBuildConfiguration;
			buildSettings = {
				ALWAYS_SEARCH_USER_PATHS = NO;
				CLANG_ANALYZER_NONNULL = YES;
				CLANG_ANALYZER_NUMBER_OBJECT_CONVERSION = YES_AGGRESSIVE;
				CLANG_CXX_LANGUAGE_STANDARD = "gnu++14";
				CLANG_CXX_LIBRARY = "libc++";
				CLANG_ENABLE_MODULES = YES;
				CLANG_ENABLE_OBJC_ARC = YES;
				CLANG_ENABLE_OBJC_WEAK = YES;
				CLANG_WARN_BLOCK_CAPTURE_AUTORELEASING = YES;
				CLANG_WARN_BOOL_CONVERSION = YES;
				CLANG_WARN_COMMA = YES;
				CLANG_WARN_CONSTANT_CONVERSION = YES;
				CLANG_WARN_DEPRECATED_OBJC_IMPLEMENTATIONS = YES;
				CLANG_WARN_DIRECT_OBJC_ISA_USAGE = YES_ERROR;
				CLANG_WARN_DOCUMENTATION_COMMENTS = YES;
				CLANG_WARN_EMPTY_BODY = YES;
				CLANG_WARN_ENUM_CONVERSION = YES;
				CLANG_WARN_INFINITE_RECURSION = YES;
				CLANG_WARN_INT_CONVERSION = YES;
				CLANG_WARN_NON_LITERAL_NULL_CONVERSION = YES;
				CLANG_WARN_OBJC_IMPLICIT_RETAIN_SELF = YES;
				CLANG_WARN_OBJC_LITERAL_CONVERSION = YES;
				CLANG_WARN_OBJC_ROOT_CLASS = YES_ERROR;
				CLANG_WARN_QUOTED_INCLUDE_IN_FRAMEWORK_HEADER = YES;
				CLANG_WARN_RANGE_LOOP_ANALYSIS = YES;
				CLANG_WARN_STRICT_PROTOTYPES = YES;
				CLANG_WARN_SUSPICIOUS_MOVE = YES;
				CLANG_WARN_UNGUARDED_AVAILABILITY = YES_AGGRESSIVE;
				CLANG_WARN_UNREACHABLE_CODE = YES;
				CLANG_WARN__DUPLICATE_METHOD_MATCH = YES;
				COPY_PHASE_STRIP = NO;
				DEBUG_INFORMATION_FORMAT = "dwarf-with-dsym";
				ENABLE_NS_ASSERTIONS = NO;
				ENABLE_STRICT_OBJC_MSGSEND = YES;
				GCC_C_LANGUAGE_STANDARD = gnu11;
				GCC_NO_COMMON_BLOCKS = YES;
				GCC_WARN_64_TO_32_BIT_CONVERSION = YES;
				GCC_WARN_ABOUT_RETURN_TYPE = YES_ERROR;
				GCC_WARN_UNDECLARED_SELECTOR = YES;
				GCC_WARN_UNINITIALIZED_AUTOS = YES_AGGRESSIVE;
				GCC_WARN_UNUSED_FUNCTION = YES;
				GCC_WARN_UNUSED_VARIABLE = YES;
				IPHONEOS_DEPLOYMENT_TARGET = 14.4;
				MTL_ENABLE_DEBUG_INFO = NO;
				MTL_FAST_MATH = YES;
				SDKROOT = iphoneos;
				SWIFT_COMPILATION_MODE = wholemodule;
				SWIFT_OPTIMIZATION_LEVEL = "-O";
				VALIDATE_PRODUCT = YES;
			};
			name = Release;
		};
		7CC641022615F9AB00F25391 /* Debug */ = {
			isa = XCBuildConfiguration;
			buildSettings = {
				ASSETCATALOG_COMPILER_APPICON_NAME = AppIcon;
				ASSETCATALOG_COMPILER_GLOBAL_ACCENT_COLOR_NAME = AccentColor;
				CODE_SIGN_STYLE = Automatic;
				DEVELOPMENT_TEAM = SBX5GK4LT4;
				INFOPLIST_FILE = Messenger/Info.plist;
				IPHONEOS_DEPLOYMENT_TARGET = 13.0;
				LD_RUNPATH_SEARCH_PATHS = (
					"$(inherited)",
					"@executable_path/Frameworks",
				);
				PRODUCT_BUNDLE_IDENTIFIER = kevinkim.Messenger;
				PRODUCT_NAME = "$(TARGET_NAME)";
				SWIFT_VERSION = 5.0;
				TARGETED_DEVICE_FAMILY = "1,2";
			};
			name = Debug;
		};
		7CC641032615F9AB00F25391 /* Release */ = {
			isa = XCBuildConfiguration;
			buildSettings = {
				ASSETCATALOG_COMPILER_APPICON_NAME = AppIcon;
				ASSETCATALOG_COMPILER_GLOBAL_ACCENT_COLOR_NAME = AccentColor;
				CODE_SIGN_STYLE = Automatic;
				DEVELOPMENT_TEAM = SBX5GK4LT4;
				INFOPLIST_FILE = Messenger/Info.plist;
				IPHONEOS_DEPLOYMENT_TARGET = 13.0;
				LD_RUNPATH_SEARCH_PATHS = (
					"$(inherited)",
					"@executable_path/Frameworks",
				);
				PRODUCT_BUNDLE_IDENTIFIER = kevinkim.Messenger;
				PRODUCT_NAME = "$(TARGET_NAME)";
				SWIFT_VERSION = 5.0;
				TARGETED_DEVICE_FAMILY = "1,2";
			};
			name = Release;
		};
/* End XCBuildConfiguration section */

/* Begin XCConfigurationList section */
		7CC640E82615F9A800F25391 /* Build configuration list for PBXProject "Messenger" */ = {
			isa = XCConfigurationList;
			buildConfigurations = (
				7CC640FF2615F9AB00F25391 /* Debug */,
				7CC641002615F9AB00F25391 /* Release */,
			);
			defaultConfigurationIsVisible = 0;
			defaultConfigurationName = Release;
		};
		7CC641012615F9AB00F25391 /* Build configuration list for PBXNativeTarget "Messenger" */ = {
			isa = XCConfigurationList;
			buildConfigurations = (
				7CC641022615F9AB00F25391 /* Debug */,
				7CC641032615F9AB00F25391 /* Release */,
			);
			defaultConfigurationIsVisible = 0;
			defaultConfigurationName = Release;
		};
/* End XCConfigurationList section */
	};
	rootObject = 7CC640E52615F9A800F25391 /* Project object */;
}
